
Microsoft Visual Studio Solution File, Format Version 12.00
# Visual Studio 15
VisualStudioVersion = 15.0.28010.2003
MinimumVisualStudioVersion = 10.0.40219.1
Project("{9A19103F-16F7-4668-BE54-9A1E7A4F7556}") = "ComicViewer.Web", "ComicViewer.Web\ComicViewer.Web.csproj", "{9F3A3C07-3B04-467E-B86C-2CD693EB887D}"
EndProject
Project("{9A19103F-16F7-4668-BE54-9A1E7A4F7556}") = "ComicViewer.Core", "ComicViewer.Core\ComicViewer.Core.csproj", "{5F4732F3-E424-4BA4-BB26-F18A7CEC2C99}"
EndProject
Project("{9A19103F-16F7-4668-BE54-9A1E7A4F7556}") = "ComicViewer.Indexer", "ComicViewer.Indexer\ComicViewer.Indexer.csproj", "{79CD920A-9852-44BE-BF1D-9296EE013CC2}"
EndProject
Project("{FAE04EC0-301F-11D3-BF4B-00C04F79EFBC}") = "ComicViewer.Tests", "ComicViewer.Tests\ComicViewer.Tests.csproj", "{02AA9495-81FB-4A6A-B067-9E8DF0DDEB1C}"
EndProject
Global
	GlobalSection(SolutionConfigurationPlatforms) = preSolution
		Debug|Any CPU = Debug|Any CPU
		Release|Any CPU = Release|Any CPU
	EndGlobalSection
	GlobalSection(ProjectConfigurationPlatforms) = postSolution
		{9F3A3C07-3B04-467E-B86C-2CD693EB887D}.Debug|Any CPU.ActiveCfg = Debug|Any CPU
		{9F3A3C07-3B04-467E-B86C-2CD693EB887D}.Debug|Any CPU.Build.0 = Debug|Any CPU
		{9F3A3C07-3B04-467E-B86C-2CD693EB887D}.Release|Any CPU.ActiveCfg = Release|Any CPU
		{9F3A3C07-3B04-467E-B86C-2CD693EB887D}.Release|Any CPU.Build.0 = Release|Any CPU
		{5F4732F3-E424-4BA4-BB26-F18A7CEC2C99}.Debug|Any CPU.ActiveCfg = Debug|Any CPU
		{5F4732F3-E424-4BA4-BB26-F18A7CEC2C99}.Debug|Any CPU.Build.0 = Debug|Any CPU
		{5F4732F3-E424-4BA4-BB26-F18A7CEC2C99}.Release|Any CPU.ActiveCfg = Release|Any CPU
		{5F4732F3-E424-4BA4-BB26-F18A7CEC2C99}.Release|Any CPU.Build.0 = Release|Any CPU
		{79CD920A-9852-44BE-BF1D-9296EE013CC2}.Debug|Any CPU.ActiveCfg = Debug|Any CPU
		{79CD920A-9852-44BE-BF1D-9296EE013CC2}.Debug|Any CPU.Build.0 = Debug|Any CPU
		{79CD920A-9852-44BE-BF1D-9296EE013CC2}.Release|Any CPU.ActiveCfg = Release|Any CPU
		{79CD920A-9852-44BE-BF1D-9296EE013CC2}.Release|Any CPU.Build.0 = Release|Any CPU
		{02AA9495-81FB-4A6A-B067-9E8DF0DDEB1C}.Debug|Any CPU.ActiveCfg = Debug|Any CPU
		{02AA9495-81FB-4A6A-B067-9E8DF0DDEB1C}.Debug|Any CPU.Build.0 = Debug|Any CPU
		{02AA9495-81FB-4A6A-B067-9E8DF0DDEB1C}.Release|Any CPU.ActiveCfg = Release|Any CPU
		{02AA9495-81FB-4A6A-B067-9E8DF0DDEB1C}.Release|Any CPU.Build.0 = Release|Any CPU
	EndGlobalSection
	GlobalSection(SolutionProperties) = preSolution
		HideSolutionNode = FALSE
	EndGlobalSection
	GlobalSection(ExtensibilityGlobals) = postSolution
		SolutionGuid = {50D6F582-7655-48D5-9791-E6D79FEDD0CF}
	EndGlobalSection
EndGlobal
